
Microsoft Visual Studio Solution File, Format Version 12.00
# Visual Studio Version 16
VisualStudioVersion = 16.0.30907.101
MinimumVisualStudioVersion = 10.0.40219.1
Project("{FAE04EC0-301F-11D3-BF4B-00C04F79EFBC}") = "MethodExercise", "MethodExercise\MethodExercise.csproj", "{35282381-064D-480C-A9A2-95AF0A18C1CA}"
EndProject
Global
	GlobalSection(SolutionConfigurationPlatforms) = preSolution
		Debug|Any CPU = Debug|Any CPU
		Release|Any CPU = Release|Any CPU
	EndGlobalSection
	GlobalSection(ProjectConfigurationPlatforms) = postSolution
		{35282381-064D-480C-A9A2-95AF0A18C1CA}.Debug|Any CPU.ActiveCfg = Debug|Any CPU
		{35282381-064D-480C-A9A2-95AF0A18C1CA}.Debug|Any CPU.Build.0 = Debug|Any CPU
		{35282381-064D-480C-A9A2-95AF0A18C1CA}.Release|Any CPU.ActiveCfg = Release|Any CPU
		{35282381-064D-480C-A9A2-95AF0A18C1CA}.Release|Any CPU.Build.0 = Release|Any CPU
	EndGlobalSection
	GlobalSection(SolutionProperties) = preSolution
		HideSolutionNode = FALSE
	EndGlobalSection
	GlobalSection(ExtensibilityGlobals) = postSolution
		SolutionGuid = {A5CCCBA4-C22E-4F17-8960-87C02B0FE3AB}
	EndGlobalSection
EndGlobal
